// !$*UTF8*$!
{
	archiveVersion = 1;
	classes = {
	};
	objectVersion = 77;
	objects = {

/* Begin PBXBuildFile section */
		528D8D922D6D22A20084C6D0 /* WidgetKit.framework in Frameworks */ = {isa = PBXBuildFile; fileRef = 52B88B4F2D6CD40D008ACECB /* WidgetKit.framework */; };
		528D8D932D6D22A20084C6D0 /* SwiftUI.framework in Frameworks */ = {isa = PBXBuildFile; fileRef = 52B88B512D6CD40D008ACECB /* SwiftUI.framework */; };
		528D8D9F2D6D22A40084C6D0 /* PortfolioWidgetMacExtension.appex in Embed Foundation Extensions */ = {isa = PBXBuildFile; fileRef = 528D8D912D6D22A20084C6D0 /* PortfolioWidgetMacExtension.appex */; platformFilters = (macos, ); settings = {ATTRIBUTES = (RemoveHeadersOnCopy, ); }; };
		528D8DE22D6E33960084C6D0 /* UPAWatch Watch App.app in Embed Watch Content */ = {isa = PBXBuildFile; fileRef = 528D8DBF2D6E33950084C6D0 /* UPAWatch Watch App.app */; platformFilter = ios; settings = {ATTRIBUTES = (RemoveHeadersOnCopy, ); }; };
		52B88B3C2D67E42A008ACECB /* Configuration.storekit in Resources */ = {isa = PBXBuildFile; fileRef = 52B88B3B2D67E42A008ACECB /* Configuration.storekit */; };
		52B88B502D6CD40D008ACECB /* WidgetKit.framework in Frameworks */ = {isa = PBXBuildFile; fileRef = 52B88B4F2D6CD40D008ACECB /* WidgetKit.framework */; };
		52B88B522D6CD40D008ACECB /* SwiftUI.framework in Frameworks */ = {isa = PBXBuildFile; fileRef = 52B88B512D6CD40D008ACECB /* SwiftUI.framework */; };
		52B88B5D2D6CD40F008ACECB /* PortfolioWidgetExtension.appex in Embed Foundation Extensions */ = {isa = PBXBuildFile; fileRef = 52B88B4D2D6CD40D008ACECB /* PortfolioWidgetExtension.appex */; platformFilter = ios; settings = {ATTRIBUTES = (RemoveHeadersOnCopy, ); }; };
/* End PBXBuildFile section */

/* Begin PBXContainerItemProxy section */
		522A5DF32D667F2400D72572 /* PBXContainerItemProxy */ = {
			isa = PBXContainerItemProxy;
			containerPortal = 52370D922CE522C800804D94 /* Project object */;
			proxyType = 1;
			remoteGlobalIDString = 52370D992CE522C800804D94;
			remoteInfo = UltimatePortfolio;
		};
		528D8D9D2D6D22A40084C6D0 /* PBXContainerItemProxy */ = {
			isa = PBXContainerItemProxy;
			containerPortal = 52370D922CE522C800804D94 /* Project object */;
			proxyType = 1;
			remoteGlobalIDString = 528D8D902D6D22A20084C6D0;
			remoteInfo = PortfolioWidgetMacExtension;
		};
		528D8DCF2D6E33960084C6D0 /* PBXContainerItemProxy */ = {
			isa = PBXContainerItemProxy;
			containerPortal = 52370D922CE522C800804D94 /* Project object */;
			proxyType = 1;
			remoteGlobalIDString = 528D8DBE2D6E33950084C6D0;
			remoteInfo = "UPAWatch Watch App";
		};
		528D8DD92D6E33960084C6D0 /* PBXContainerItemProxy */ = {
			isa = PBXContainerItemProxy;
			containerPortal = 52370D922CE522C800804D94 /* Project object */;
			proxyType = 1;
			remoteGlobalIDString = 528D8DBE2D6E33950084C6D0;
			remoteInfo = "UPAWatch Watch App";
		};
		528D8DE02D6E33960084C6D0 /* PBXContainerItemProxy */ = {
			isa = PBXContainerItemProxy;
			containerPortal = 52370D922CE522C800804D94 /* Project object */;
			proxyType = 1;
			remoteGlobalIDString = 528D8DBE2D6E33950084C6D0;
			remoteInfo = "UPAWatch Watch App";
		};
		52B88B5B2D6CD40F008ACECB /* PBXContainerItemProxy */ = {
			isa = PBXContainerItemProxy;
			containerPortal = 52370D922CE522C800804D94 /* Project object */;
			proxyType = 1;
			remoteGlobalIDString = 52B88B4C2D6CD40D008ACECB;
			remoteInfo = PortfolioWidgetExtension;
		};
		52D42D792D67871C009A6098 /* PBXContainerItemProxy */ = {
			isa = PBXContainerItemProxy;
			containerPortal = 52370D922CE522C800804D94 /* Project object */;
			proxyType = 1;
			remoteGlobalIDString = 52370D992CE522C800804D94;
			remoteInfo = UltimatePortfolio;
		};
/* End PBXContainerItemProxy section */

/* Begin PBXCopyFilesBuildPhase section */
		528D8DE62D6E33960084C6D0 /* Embed Watch Content */ = {
			isa = PBXCopyFilesBuildPhase;
			buildActionMask = 2147483647;
			dstPath = "$(CONTENTS_FOLDER_PATH)/Watch";
			dstSubfolderSpec = 16;
			files = (
				528D8DE22D6E33960084C6D0 /* UPAWatch Watch App.app in Embed Watch Content */,
			);
			name = "Embed Watch Content";
			runOnlyForDeploymentPostprocessing = 0;
		};
		52B88B622D6CD40F008ACECB /* Embed Foundation Extensions */ = {
			isa = PBXCopyFilesBuildPhase;
			buildActionMask = 2147483647;
			dstPath = "";
			dstSubfolderSpec = 13;
			files = (
				52B88B5D2D6CD40F008ACECB /* PortfolioWidgetExtension.appex in Embed Foundation Extensions */,
				528D8D9F2D6D22A40084C6D0 /* PortfolioWidgetMacExtension.appex in Embed Foundation Extensions */,
			);
			name = "Embed Foundation Extensions";
			runOnlyForDeploymentPostprocessing = 0;
		};
/* End PBXCopyFilesBuildPhase section */

/* Begin PBXFileReference section */
		522A5DEF2D667F2400D72572 /* UltimatePortfolioTests.xctest */ = {isa = PBXFileReference; explicitFileType = wrapper.cfbundle; includeInIndex = 0; path = UltimatePortfolioTests.xctest; sourceTree = BUILT_PRODUCTS_DIR; };
		52370D9A2CE522C800804D94 /* UltimatePortfolio.app */ = {isa = PBXFileReference; explicitFileType = wrapper.application; includeInIndex = 0; path = UltimatePortfolio.app; sourceTree = BUILT_PRODUCTS_DIR; };
		528D8D912D6D22A20084C6D0 /* PortfolioWidgetMacExtension.appex */ = {isa = PBXFileReference; explicitFileType = "wrapper.app-extension"; includeInIndex = 0; path = PortfolioWidgetMacExtension.appex; sourceTree = BUILT_PRODUCTS_DIR; };
		528D8DBF2D6E33950084C6D0 /* UPAWatch Watch App.app */ = {isa = PBXFileReference; explicitFileType = wrapper.application; includeInIndex = 0; path = "UPAWatch Watch App.app"; sourceTree = BUILT_PRODUCTS_DIR; };
		528D8DCE2D6E33960084C6D0 /* UPAWatch Watch AppTests.xctest */ = {isa = PBXFileReference; explicitFileType = wrapper.cfbundle; includeInIndex = 0; path = "UPAWatch Watch AppTests.xctest"; sourceTree = BUILT_PRODUCTS_DIR; };
		528D8DD82D6E33960084C6D0 /* UPAWatch Watch AppUITests.xctest */ = {isa = PBXFileReference; explicitFileType = wrapper.cfbundle; includeInIndex = 0; path = "UPAWatch Watch AppUITests.xctest"; sourceTree = BUILT_PRODUCTS_DIR; };
		52B88B3B2D67E42A008ACECB /* Configuration.storekit */ = {isa = PBXFileReference; lastKnownFileType = text; path = Configuration.storekit; sourceTree = "<group>"; };
		52B88B4D2D6CD40D008ACECB /* PortfolioWidgetExtension.appex */ = {isa = PBXFileReference; explicitFileType = "wrapper.app-extension"; includeInIndex = 0; path = PortfolioWidgetExtension.appex; sourceTree = BUILT_PRODUCTS_DIR; };
		52B88B4F2D6CD40D008ACECB /* WidgetKit.framework */ = {isa = PBXFileReference; lastKnownFileType = wrapper.framework; name = WidgetKit.framework; path = System/Library/Frameworks/WidgetKit.framework; sourceTree = SDKROOT; };
		52B88B512D6CD40D008ACECB /* SwiftUI.framework */ = {isa = PBXFileReference; lastKnownFileType = wrapper.framework; name = SwiftUI.framework; path = System/Library/Frameworks/SwiftUI.framework; sourceTree = SDKROOT; };
		52B88B6E2D6CD782008ACECB /* PortfolioWidgetExtension.entitlements */ = {isa = PBXFileReference; lastKnownFileType = text.plist.entitlements; path = PortfolioWidgetExtension.entitlements; sourceTree = "<group>"; };
		52D42D732D67871C009A6098 /* UltimatePortfolioUITests.xctest */ = {isa = PBXFileReference; explicitFileType = wrapper.cfbundle; includeInIndex = 0; path = UltimatePortfolioUITests.xctest; sourceTree = BUILT_PRODUCTS_DIR; };
		52F60FEC2D679270005C0272 /* UltimatePortfolioUITests.xctestplan */ = {isa = PBXFileReference; lastKnownFileType = text; path = UltimatePortfolioUITests.xctestplan; sourceTree = "<group>"; };
/* End PBXFileReference section */

/* Begin PBXFileSystemSynchronizedBuildFileExceptionSet section */
		528D8DA32D6D22A40084C6D0 /* Exceptions for "PortfolioWidgetMac" folder in "PortfolioWidgetMacExtension" target */ = {
			isa = PBXFileSystemSynchronizedBuildFileExceptionSet;
			membershipExceptions = (
				Info.plist,
			);
			target = 528D8D902D6D22A20084C6D0 /* PortfolioWidgetMacExtension */;
		};
		528D8DA52D6D231A0084C6D0 /* Exceptions for "UltimatePortfolio" folder in "PortfolioWidgetMacExtension" target */ = {
			isa = PBXFileSystemSynchronizedBuildFileExceptionSet;
			membershipExceptions = (
				"DataController-StoreKit.swift",
				"DataController-Testing.swift",
				DataController.swift,
				"Extensions/Issue-CoreDataHelpers.swift",
				"Extensions/Tag-CoreDataHelpers.swift",
				Filters/Filter.swift,
				Main.xcdatamodeld,
			);
			target = 528D8D902D6D22A20084C6D0 /* PortfolioWidgetMacExtension */;
		};
		528D8DAE2D6D234B0084C6D0 /* Exceptions for "PortfolioWidget" folder in "PortfolioWidgetMacExtension" target */ = {
			isa = PBXFileSystemSynchronizedBuildFileExceptionSet;
			membershipExceptions = (
				ComplexPortfolioWidget.swift,
				PortfolioWidgetBundle.swift,
				SimplePortfolioWidget.swift,
			);
			target = 528D8D902D6D22A20084C6D0 /* PortfolioWidgetMacExtension */;
		};
		528D8DEF2D6E33FC0084C6D0 /* Exceptions for "UltimatePortfolio" folder in "UPAWatch Watch App" target */ = {
			isa = PBXFileSystemSynchronizedBuildFileExceptionSet;
			membershipExceptions = (
				"/Localized: Awards/Awards.json",
				"/Localized: Localization/Localizable.strings",
				AppDelegate.swift,
				Assets.xcassets,
				Awards/Award.swift,
				Awards/AwardsView.swift,
				Colors.xcassets,
				"DataController-Awards.swift",
				"DataController-Notifications.swift",
				"DataController-StoreKit.swift",
				"DataController-Testing.swift",
				DataController.swift,
				Editing/DetailView.swift,
				Editing/IssueView.swift,
				Editing/IssueViewToolbar.swift,
				Editing/NoIssueView.swift,
				Editing/TagsMenuView.swift,
				"Extensions/Bundle-Decodable.swift",
				"Extensions/Issue-CoreDataHelpers.swift",
				"Extensions/Tag-CoreDataHelpers.swift",
				Filters/Filter.swift,
				Filters/SidebarView.swift,
				Filters/SidebarViewModel.swift,
				Filters/SidebarViewToolbar.swift,
				Filters/SmartFilterRow.swift,
				Filters/UserFilterRow.swift,
				Issues/ContentView.swift,
				Issues/ContentViewModel.swift,
				Issues/ContentViewToolbar.swift,
				Issues/IssueRow.swift,
				Issues/IssueRowViewModel.swift,
				Issues/IssueRowWatch.swift,
				Main.xcdatamodeld,
				PlatformAdjustments/InLineNavigationBar.swift,
				PlatformAdjustments/MacFrame.swift,
				PlatformAdjustments/NumberBadge.swift,
				PlatformAdjustments/ToolbarItemPlacement.swift,
				SceneDelegate.swift,
				Store/StoreView.swift,
				UltimatePortfolioApp.swift,
			);
			target = 528D8DBE2D6E33950084C6D0 /* UPAWatch Watch App */;
		};
		52B88B612D6CD40F008ACECB /* Exceptions for "PortfolioWidget" folder in "PortfolioWidgetExtension" target */ = {
			isa = PBXFileSystemSynchronizedBuildFileExceptionSet;
			membershipExceptions = (
				Info.plist,
			);
			target = 52B88B4C2D6CD40D008ACECB /* PortfolioWidgetExtension */;
		};
		52B88B642D6CD4F8008ACECB /* Exceptions for "UltimatePortfolio" folder in "PortfolioWidgetExtension" target */ = {
			isa = PBXFileSystemSynchronizedBuildFileExceptionSet;
			membershipExceptions = (
				"/Localized: Localization/Localizable.strings",
				"DataController-StoreKit.swift",
				"DataController-Testing.swift",
				DataController.swift,
				"Extensions/Issue-CoreDataHelpers.swift",
				"Extensions/Tag-CoreDataHelpers.swift",
				Filters/Filter.swift,
				Main.xcdatamodeld,
			);
			target = 52B88B4C2D6CD40D008ACECB /* PortfolioWidgetExtension */;
		};
		52C79ED62CE534CD00778729 /* Exceptions for "UltimatePortfolio" folder in "UltimatePortfolio" target */ = {
			isa = PBXFileSystemSynchronizedBuildFileExceptionSet;
			membershipExceptions = (
				Info.plist,
			);
			target = 52370D992CE522C800804D94 /* UltimatePortfolio */;
		};
/* End PBXFileSystemSynchronizedBuildFileExceptionSet section */

/* Begin PBXFileSystemSynchronizedRootGroup section */
		522A5DF02D667F2400D72572 /* UltimatePortfolioTests */ = {
			isa = PBXFileSystemSynchronizedRootGroup;
			path = UltimatePortfolioTests;
			sourceTree = "<group>";
		};
		52370D9C2CE522C800804D94 /* UltimatePortfolio */ = {
			isa = PBXFileSystemSynchronizedRootGroup;
			exceptions = (
				52C79ED62CE534CD00778729 /* Exceptions for "UltimatePortfolio" folder in "UltimatePortfolio" target */,
				52B88B642D6CD4F8008ACECB /* Exceptions for "UltimatePortfolio" folder in "PortfolioWidgetExtension" target */,
				528D8DA52D6D231A0084C6D0 /* Exceptions for "UltimatePortfolio" folder in "PortfolioWidgetMacExtension" target */,
				528D8DEF2D6E33FC0084C6D0 /* Exceptions for "UltimatePortfolio" folder in "UPAWatch Watch App" target */,
			);
			path = UltimatePortfolio;
			sourceTree = "<group>";
		};
		528D8D942D6D22A20084C6D0 /* PortfolioWidgetMac */ = {
			isa = PBXFileSystemSynchronizedRootGroup;
			exceptions = (
				528D8DA32D6D22A40084C6D0 /* Exceptions for "PortfolioWidgetMac" folder in "PortfolioWidgetMacExtension" target */,
			);
			path = PortfolioWidgetMac;
			sourceTree = "<group>";
		};
		528D8DC02D6E33950084C6D0 /* UPAWatch Watch App */ = {
			isa = PBXFileSystemSynchronizedRootGroup;
			path = "UPAWatch Watch App";
			sourceTree = "<group>";
		};
		528D8DD12D6E33960084C6D0 /* UPAWatch Watch AppTests */ = {
			isa = PBXFileSystemSynchronizedRootGroup;
			path = "UPAWatch Watch AppTests";
			sourceTree = "<group>";
		};
		528D8DDB2D6E33960084C6D0 /* UPAWatch Watch AppUITests */ = {
			isa = PBXFileSystemSynchronizedRootGroup;
			path = "UPAWatch Watch AppUITests";
			sourceTree = "<group>";
		};
		52B88B532D6CD40D008ACECB /* PortfolioWidget */ = {
			isa = PBXFileSystemSynchronizedRootGroup;
			exceptions = (
				52B88B612D6CD40F008ACECB /* Exceptions for "PortfolioWidget" folder in "PortfolioWidgetExtension" target */,
				528D8DAE2D6D234B0084C6D0 /* Exceptions for "PortfolioWidget" folder in "PortfolioWidgetMacExtension" target */,
			);
			path = PortfolioWidget;
			sourceTree = "<group>";
		};
		52D42D742D67871C009A6098 /* UltimatePortfolioUITests */ = {
			isa = PBXFileSystemSynchronizedRootGroup;
			path = UltimatePortfolioUITests;
			sourceTree = "<group>";
		};
/* End PBXFileSystemSynchronizedRootGroup section */

/* Begin PBXFrameworksBuildPhase section */
		522A5DEC2D667F2400D72572 /* Frameworks */ = {
			isa = PBXFrameworksBuildPhase;
			buildActionMask = 2147483647;
			files = (
			);
			runOnlyForDeploymentPostprocessing = 0;
		};
		52370D972CE522C800804D94 /* Frameworks */ = {
			isa = PBXFrameworksBuildPhase;
			buildActionMask = 2147483647;
			files = (
			);
			runOnlyForDeploymentPostprocessing = 0;
		};
		528D8D8E2D6D22A20084C6D0 /* Frameworks */ = {
			isa = PBXFrameworksBuildPhase;
			buildActionMask = 2147483647;
			files = (
				528D8D932D6D22A20084C6D0 /* SwiftUI.framework in Frameworks */,
				528D8D922D6D22A20084C6D0 /* WidgetKit.framework in Frameworks */,
			);
			runOnlyForDeploymentPostprocessing = 0;
		};
		528D8DBC2D6E33950084C6D0 /* Frameworks */ = {
			isa = PBXFrameworksBuildPhase;
			buildActionMask = 2147483647;
			files = (
			);
			runOnlyForDeploymentPostprocessing = 0;
		};
		528D8DCB2D6E33960084C6D0 /* Frameworks */ = {
			isa = PBXFrameworksBuildPhase;
			buildActionMask = 2147483647;
			files = (
			);
			runOnlyForDeploymentPostprocessing = 0;
		};
		528D8DD52D6E33960084C6D0 /* Frameworks */ = {
			isa = PBXFrameworksBuildPhase;
			buildActionMask = 2147483647;
			files = (
			);
			runOnlyForDeploymentPostprocessing = 0;
		};
		52B88B4A2D6CD40D008ACECB /* Frameworks */ = {
			isa = PBXFrameworksBuildPhase;
			buildActionMask = 2147483647;
			files = (
				52B88B522D6CD40D008ACECB /* SwiftUI.framework in Frameworks */,
				52B88B502D6CD40D008ACECB /* WidgetKit.framework in Frameworks */,
			);
			runOnlyForDeploymentPostprocessing = 0;
		};
		52D42D702D67871C009A6098 /* Frameworks */ = {
			isa = PBXFrameworksBuildPhase;
			buildActionMask = 2147483647;
			files = (
			);
			runOnlyForDeploymentPostprocessing = 0;
		};
/* End PBXFrameworksBuildPhase section */

/* Begin PBXGroup section */
		52370D912CE522C800804D94 = {
			isa = PBXGroup;
			children = (
				52B88B6E2D6CD782008ACECB /* PortfolioWidgetExtension.entitlements */,
				52B88B3B2D67E42A008ACECB /* Configuration.storekit */,
				52F60FEC2D679270005C0272 /* UltimatePortfolioUITests.xctestplan */,
				52370D9C2CE522C800804D94 /* UltimatePortfolio */,
				522A5DF02D667F2400D72572 /* UltimatePortfolioTests */,
				52D42D742D67871C009A6098 /* UltimatePortfolioUITests */,
				52B88B532D6CD40D008ACECB /* PortfolioWidget */,
				528D8D942D6D22A20084C6D0 /* PortfolioWidgetMac */,
				528D8DC02D6E33950084C6D0 /* UPAWatch Watch App */,
				528D8DD12D6E33960084C6D0 /* UPAWatch Watch AppTests */,
				528D8DDB2D6E33960084C6D0 /* UPAWatch Watch AppUITests */,
				52B88B4E2D6CD40D008ACECB /* Frameworks */,
				52370D9B2CE522C800804D94 /* Products */,
			);
			sourceTree = "<group>";
		};
		52370D9B2CE522C800804D94 /* Products */ = {
			isa = PBXGroup;
			children = (
				52370D9A2CE522C800804D94 /* UltimatePortfolio.app */,
				522A5DEF2D667F2400D72572 /* UltimatePortfolioTests.xctest */,
				52D42D732D67871C009A6098 /* UltimatePortfolioUITests.xctest */,
				52B88B4D2D6CD40D008ACECB /* PortfolioWidgetExtension.appex */,
				528D8D912D6D22A20084C6D0 /* PortfolioWidgetMacExtension.appex */,
				528D8DBF2D6E33950084C6D0 /* UPAWatch Watch App.app */,
				528D8DCE2D6E33960084C6D0 /* UPAWatch Watch AppTests.xctest */,
				528D8DD82D6E33960084C6D0 /* UPAWatch Watch AppUITests.xctest */,
			);
			name = Products;
			sourceTree = "<group>";
		};
		52B88B4E2D6CD40D008ACECB /* Frameworks */ = {
			isa = PBXGroup;
			children = (
				52B88B4F2D6CD40D008ACECB /* WidgetKit.framework */,
				52B88B512D6CD40D008ACECB /* SwiftUI.framework */,
			);
			name = Frameworks;
			sourceTree = "<group>";
		};
/* End PBXGroup section */

/* Begin PBXNativeTarget section */
		522A5DEE2D667F2400D72572 /* UltimatePortfolioTests */ = {
			isa = PBXNativeTarget;
			buildConfigurationList = 522A5DF72D667F2400D72572 /* Build configuration list for PBXNativeTarget "UltimatePortfolioTests" */;
			buildPhases = (
				522A5DEB2D667F2400D72572 /* Sources */,
				522A5DEC2D667F2400D72572 /* Frameworks */,
				522A5DED2D667F2400D72572 /* Resources */,
			);
			buildRules = (
			);
			dependencies = (
				522A5DF42D667F2400D72572 /* PBXTargetDependency */,
			);
			fileSystemSynchronizedGroups = (
				522A5DF02D667F2400D72572 /* UltimatePortfolioTests */,
			);
			name = UltimatePortfolioTests;
			packageProductDependencies = (
			);
			productName = UltimatePortfolioTests;
			productReference = 522A5DEF2D667F2400D72572 /* UltimatePortfolioTests.xctest */;
			productType = "com.apple.product-type.bundle.unit-test";
		};
		52370D992CE522C800804D94 /* UltimatePortfolio */ = {
			isa = PBXNativeTarget;
			buildConfigurationList = 52370DA92CE522CA00804D94 /* Build configuration list for PBXNativeTarget "UltimatePortfolio" */;
			buildPhases = (
				52370D962CE522C800804D94 /* Sources */,
				52370D972CE522C800804D94 /* Frameworks */,
				52370D982CE522C800804D94 /* Resources */,
				522A5CA42D664F6C00D72572 /* SwiftLint */,
				52B88B622D6CD40F008ACECB /* Embed Foundation Extensions */,
				528D8DE62D6E33960084C6D0 /* Embed Watch Content */,
			);
			buildRules = (
			);
			dependencies = (
				52B88B5C2D6CD40F008ACECB /* PBXTargetDependency */,
				528D8D9E2D6D22A40084C6D0 /* PBXTargetDependency */,
				528D8DE12D6E33960084C6D0 /* PBXTargetDependency */,
			);
			fileSystemSynchronizedGroups = (
				52370D9C2CE522C800804D94 /* UltimatePortfolio */,
			);
			name = UltimatePortfolio;
			packageProductDependencies = (
			);
			productName = UltimatePortfolio;
			productReference = 52370D9A2CE522C800804D94 /* UltimatePortfolio.app */;
			productType = "com.apple.product-type.application";
		};
		528D8D902D6D22A20084C6D0 /* PortfolioWidgetMacExtension */ = {
			isa = PBXNativeTarget;
			buildConfigurationList = 528D8DA22D6D22A40084C6D0 /* Build configuration list for PBXNativeTarget "PortfolioWidgetMacExtension" */;
			buildPhases = (
				528D8D8D2D6D22A20084C6D0 /* Sources */,
				528D8D8E2D6D22A20084C6D0 /* Frameworks */,
				528D8D8F2D6D22A20084C6D0 /* Resources */,
			);
			buildRules = (
			);
			dependencies = (
			);
			fileSystemSynchronizedGroups = (
				528D8D942D6D22A20084C6D0 /* PortfolioWidgetMac */,
			);
			name = PortfolioWidgetMacExtension;
			packageProductDependencies = (
			);
			productName = PortfolioWidgetMacExtension;
			productReference = 528D8D912D6D22A20084C6D0 /* PortfolioWidgetMacExtension.appex */;
			productType = "com.apple.product-type.app-extension";
		};
		528D8DBE2D6E33950084C6D0 /* UPAWatch Watch App */ = {
			isa = PBXNativeTarget;
			buildConfigurationList = 528D8DE32D6E33960084C6D0 /* Build configuration list for PBXNativeTarget "UPAWatch Watch App" */;
			buildPhases = (
				528D8DBB2D6E33950084C6D0 /* Sources */,
				528D8DBC2D6E33950084C6D0 /* Frameworks */,
				528D8DBD2D6E33950084C6D0 /* Resources */,
			);
			buildRules = (
			);
			dependencies = (
			);
			fileSystemSynchronizedGroups = (
				528D8DC02D6E33950084C6D0 /* UPAWatch Watch App */,
			);
			name = "UPAWatch Watch App";
			packageProductDependencies = (
			);
			productName = "UPAWatch Watch App";
			productReference = 528D8DBF2D6E33950084C6D0 /* UPAWatch Watch App.app */;
			productType = "com.apple.product-type.application";
		};
		528D8DCD2D6E33960084C6D0 /* UPAWatch Watch AppTests */ = {
			isa = PBXNativeTarget;
			buildConfigurationList = 528D8DE72D6E33960084C6D0 /* Build configuration list for PBXNativeTarget "UPAWatch Watch AppTests" */;
			buildPhases = (
				528D8DCA2D6E33960084C6D0 /* Sources */,
				528D8DCB2D6E33960084C6D0 /* Frameworks */,
				528D8DCC2D6E33960084C6D0 /* Resources */,
			);
			buildRules = (
			);
			dependencies = (
				528D8DD02D6E33960084C6D0 /* PBXTargetDependency */,
			);
			fileSystemSynchronizedGroups = (
				528D8DD12D6E33960084C6D0 /* UPAWatch Watch AppTests */,
			);
			name = "UPAWatch Watch AppTests";
			packageProductDependencies = (
			);
			productName = "UPAWatch Watch AppTests";
			productReference = 528D8DCE2D6E33960084C6D0 /* UPAWatch Watch AppTests.xctest */;
			productType = "com.apple.product-type.bundle.unit-test";
		};
		528D8DD72D6E33960084C6D0 /* UPAWatch Watch AppUITests */ = {
			isa = PBXNativeTarget;
			buildConfigurationList = 528D8DEA2D6E33960084C6D0 /* Build configuration list for PBXNativeTarget "UPAWatch Watch AppUITests" */;
			buildPhases = (
				528D8DD42D6E33960084C6D0 /* Sources */,
				528D8DD52D6E33960084C6D0 /* Frameworks */,
				528D8DD62D6E33960084C6D0 /* Resources */,
			);
			buildRules = (
			);
			dependencies = (
				528D8DDA2D6E33960084C6D0 /* PBXTargetDependency */,
			);
			fileSystemSynchronizedGroups = (
				528D8DDB2D6E33960084C6D0 /* UPAWatch Watch AppUITests */,
			);
			name = "UPAWatch Watch AppUITests";
			packageProductDependencies = (
			);
			productName = "UPAWatch Watch AppUITests";
			productReference = 528D8DD82D6E33960084C6D0 /* UPAWatch Watch AppUITests.xctest */;
			productType = "com.apple.product-type.bundle.ui-testing";
		};
		52B88B4C2D6CD40D008ACECB /* PortfolioWidgetExtension */ = {
			isa = PBXNativeTarget;
			buildConfigurationList = 52B88B5E2D6CD40F008ACECB /* Build configuration list for PBXNativeTarget "PortfolioWidgetExtension" */;
			buildPhases = (
				52B88B492D6CD40D008ACECB /* Sources */,
				52B88B4A2D6CD40D008ACECB /* Frameworks */,
				52B88B4B2D6CD40D008ACECB /* Resources */,
			);
			buildRules = (
			);
			dependencies = (
			);
			fileSystemSynchronizedGroups = (
				52B88B532D6CD40D008ACECB /* PortfolioWidget */,
			);
			name = PortfolioWidgetExtension;
			packageProductDependencies = (
			);
			productName = PortfolioWidgetExtension;
			productReference = 52B88B4D2D6CD40D008ACECB /* PortfolioWidgetExtension.appex */;
			productType = "com.apple.product-type.app-extension";
		};
		52D42D722D67871C009A6098 /* UltimatePortfolioUITests */ = {
			isa = PBXNativeTarget;
			buildConfigurationList = 52D42D7B2D67871C009A6098 /* Build configuration list for PBXNativeTarget "UltimatePortfolioUITests" */;
			buildPhases = (
				52D42D6F2D67871C009A6098 /* Sources */,
				52D42D702D67871C009A6098 /* Frameworks */,
				52D42D712D67871C009A6098 /* Resources */,
			);
			buildRules = (
			);
			dependencies = (
				52D42D7A2D67871C009A6098 /* PBXTargetDependency */,
			);
			fileSystemSynchronizedGroups = (
				52D42D742D67871C009A6098 /* UltimatePortfolioUITests */,
			);
			name = UltimatePortfolioUITests;
			packageProductDependencies = (
			);
			productName = UltimatePortfolioUITests;
			productReference = 52D42D732D67871C009A6098 /* UltimatePortfolioUITests.xctest */;
			productType = "com.apple.product-type.bundle.ui-testing";
		};
/* End PBXNativeTarget section */

/* Begin PBXProject section */
		52370D922CE522C800804D94 /* Project object */ = {
			isa = PBXProject;
			attributes = {
				BuildIndependentTargetsInParallel = 1;
				LastSwiftUpdateCheck = 1620;
				LastUpgradeCheck = 1620;
				TargetAttributes = {
					522A5DEE2D667F2400D72572 = {
						CreatedOnToolsVersion = 16.2;
						TestTargetID = 52370D992CE522C800804D94;
					};
					52370D992CE522C800804D94 = {
						CreatedOnToolsVersion = 16.1;
					};
					528D8D902D6D22A20084C6D0 = {
						CreatedOnToolsVersion = 16.2;
					};
					528D8DBE2D6E33950084C6D0 = {
						CreatedOnToolsVersion = 16.2;
					};
					528D8DCD2D6E33960084C6D0 = {
						CreatedOnToolsVersion = 16.2;
						TestTargetID = 528D8DBE2D6E33950084C6D0;
					};
					528D8DD72D6E33960084C6D0 = {
						CreatedOnToolsVersion = 16.2;
						TestTargetID = 528D8DBE2D6E33950084C6D0;
					};
					52B88B4C2D6CD40D008ACECB = {
						CreatedOnToolsVersion = 16.2;
					};
					52D42D722D67871C009A6098 = {
						CreatedOnToolsVersion = 16.2;
						TestTargetID = 52370D992CE522C800804D94;
					};
				};
			};
			buildConfigurationList = 52370D952CE522C800804D94 /* Build configuration list for PBXProject "UltimatePortfolio" */;
			developmentRegion = en;
			hasScannedForEncodings = 0;
			knownRegions = (
				en,
				Base,
				hu,
			);
			mainGroup = 52370D912CE522C800804D94;
			minimizedProjectReferenceProxies = 1;
			preferredProjectObjectVersion = 77;
			productRefGroup = 52370D9B2CE522C800804D94 /* Products */;
			projectDirPath = "";
			projectRoot = "";
			targets = (
				52370D992CE522C800804D94 /* UltimatePortfolio */,
				522A5DEE2D667F2400D72572 /* UltimatePortfolioTests */,
				52D42D722D67871C009A6098 /* UltimatePortfolioUITests */,
				52B88B4C2D6CD40D008ACECB /* PortfolioWidgetExtension */,
				528D8D902D6D22A20084C6D0 /* PortfolioWidgetMacExtension */,
				528D8DBE2D6E33950084C6D0 /* UPAWatch Watch App */,
				528D8DCD2D6E33960084C6D0 /* UPAWatch Watch AppTests */,
				528D8DD72D6E33960084C6D0 /* UPAWatch Watch AppUITests */,
			);
		};
/* End PBXProject section */

/* Begin PBXResourcesBuildPhase section */
		522A5DED2D667F2400D72572 /* Resources */ = {
			isa = PBXResourcesBuildPhase;
			buildActionMask = 2147483647;
			files = (
			);
			runOnlyForDeploymentPostprocessing = 0;
		};
		52370D982CE522C800804D94 /* Resources */ = {
			isa = PBXResourcesBuildPhase;
			buildActionMask = 2147483647;
			files = (
				52B88B3C2D67E42A008ACECB /* Configuration.storekit in Resources */,
			);
			runOnlyForDeploymentPostprocessing = 0;
		};
		528D8D8F2D6D22A20084C6D0 /* Resources */ = {
			isa = PBXResourcesBuildPhase;
			buildActionMask = 2147483647;
			files = (
			);
			runOnlyForDeploymentPostprocessing = 0;
		};
		528D8DBD2D6E33950084C6D0 /* Resources */ = {
			isa = PBXResourcesBuildPhase;
			buildActionMask = 2147483647;
			files = (
			);
			runOnlyForDeploymentPostprocessing = 0;
		};
		528D8DCC2D6E33960084C6D0 /* Resources */ = {
			isa = PBXResourcesBuildPhase;
			buildActionMask = 2147483647;
			files = (
			);
			runOnlyForDeploymentPostprocessing = 0;
		};
		528D8DD62D6E33960084C6D0 /* Resources */ = {
			isa = PBXResourcesBuildPhase;
			buildActionMask = 2147483647;
			files = (
			);
			runOnlyForDeploymentPostprocessing = 0;
		};
		52B88B4B2D6CD40D008ACECB /* Resources */ = {
			isa = PBXResourcesBuildPhase;
			buildActionMask = 2147483647;
			files = (
			);
			runOnlyForDeploymentPostprocessing = 0;
		};
		52D42D712D67871C009A6098 /* Resources */ = {
			isa = PBXResourcesBuildPhase;
			buildActionMask = 2147483647;
			files = (
			);
			runOnlyForDeploymentPostprocessing = 0;
		};
/* End PBXResourcesBuildPhase section */

/* Begin PBXShellScriptBuildPhase section */
		522A5CA42D664F6C00D72572 /* SwiftLint */ = {
			isa = PBXShellScriptBuildPhase;
			buildActionMask = 2147483647;
			files = (
			);
			inputFileListPaths = (
			);
			inputPaths = (
			);
			name = SwiftLint;
			outputFileListPaths = (
			);
			outputPaths = (
			);
			runOnlyForDeploymentPostprocessing = 0;
			shellPath = /bin/sh;
			shellScript = "# Type a script or drag a script file from your workspace to insert its path.\n";
		};
/* End PBXShellScriptBuildPhase section */

/* Begin PBXSourcesBuildPhase section */
		522A5DEB2D667F2400D72572 /* Sources */ = {
			isa = PBXSourcesBuildPhase;
			buildActionMask = 2147483647;
			files = (
			);
			runOnlyForDeploymentPostprocessing = 0;
		};
		52370D962CE522C800804D94 /* Sources */ = {
			isa = PBXSourcesBuildPhase;
			buildActionMask = 2147483647;
			files = (
			);
			runOnlyForDeploymentPostprocessing = 0;
		};
		528D8D8D2D6D22A20084C6D0 /* Sources */ = {
			isa = PBXSourcesBuildPhase;
			buildActionMask = 2147483647;
			files = (
			);
			runOnlyForDeploymentPostprocessing = 0;
		};
		528D8DBB2D6E33950084C6D0 /* Sources */ = {
			isa = PBXSourcesBuildPhase;
			buildActionMask = 2147483647;
			files = (
			);
			runOnlyForDeploymentPostprocessing = 0;
		};
		528D8DCA2D6E33960084C6D0 /* Sources */ = {
			isa = PBXSourcesBuildPhase;
			buildActionMask = 2147483647;
			files = (
			);
			runOnlyForDeploymentPostprocessing = 0;
		};
		528D8DD42D6E33960084C6D0 /* Sources */ = {
			isa = PBXSourcesBuildPhase;
			buildActionMask = 2147483647;
			files = (
			);
			runOnlyForDeploymentPostprocessing = 0;
		};
		52B88B492D6CD40D008ACECB /* Sources */ = {
			isa = PBXSourcesBuildPhase;
			buildActionMask = 2147483647;
			files = (
			);
			runOnlyForDeploymentPostprocessing = 0;
		};
		52D42D6F2D67871C009A6098 /* Sources */ = {
			isa = PBXSourcesBuildPhase;
			buildActionMask = 2147483647;
			files = (
			);
			runOnlyForDeploymentPostprocessing = 0;
		};
/* End PBXSourcesBuildPhase section */

/* Begin PBXTargetDependency section */
		522A5DF42D667F2400D72572 /* PBXTargetDependency */ = {
			isa = PBXTargetDependency;
			target = 52370D992CE522C800804D94 /* UltimatePortfolio */;
			targetProxy = 522A5DF32D667F2400D72572 /* PBXContainerItemProxy */;
		};
		528D8D9E2D6D22A40084C6D0 /* PBXTargetDependency */ = {
			isa = PBXTargetDependency;
			platformFilters = (
				macos,
			);
			target = 528D8D902D6D22A20084C6D0 /* PortfolioWidgetMacExtension */;
			targetProxy = 528D8D9D2D6D22A40084C6D0 /* PBXContainerItemProxy */;
		};
		528D8DD02D6E33960084C6D0 /* PBXTargetDependency */ = {
			isa = PBXTargetDependency;
			target = 528D8DBE2D6E33950084C6D0 /* UPAWatch Watch App */;
			targetProxy = 528D8DCF2D6E33960084C6D0 /* PBXContainerItemProxy */;
		};
		528D8DDA2D6E33960084C6D0 /* PBXTargetDependency */ = {
			isa = PBXTargetDependency;
			target = 528D8DBE2D6E33950084C6D0 /* UPAWatch Watch App */;
			targetProxy = 528D8DD92D6E33960084C6D0 /* PBXContainerItemProxy */;
		};
		528D8DE12D6E33960084C6D0 /* PBXTargetDependency */ = {
			isa = PBXTargetDependency;
			platformFilter = ios;
			target = 528D8DBE2D6E33950084C6D0 /* UPAWatch Watch App */;
			targetProxy = 528D8DE02D6E33960084C6D0 /* PBXContainerItemProxy */;
		};
		52B88B5C2D6CD40F008ACECB /* PBXTargetDependency */ = {
			isa = PBXTargetDependency;
			platformFilter = ios;
			target = 52B88B4C2D6CD40D008ACECB /* PortfolioWidgetExtension */;
			targetProxy = 52B88B5B2D6CD40F008ACECB /* PBXContainerItemProxy */;
		};
		52D42D7A2D67871C009A6098 /* PBXTargetDependency */ = {
			isa = PBXTargetDependency;
			target = 52370D992CE522C800804D94 /* UltimatePortfolio */;
			targetProxy = 52D42D792D67871C009A6098 /* PBXContainerItemProxy */;
		};
/* End PBXTargetDependency section */

/* Begin XCBuildConfiguration section */
		522A5DF52D667F2400D72572 /* Debug */ = {
			isa = XCBuildConfiguration;
			buildSettings = {
				BUNDLE_LOADER = "$(TEST_HOST)";
				CODE_SIGN_STYLE = Automatic;
				CURRENT_PROJECT_VERSION = 1;
				DEVELOPMENT_TEAM = L97JMB29U2;
				GENERATE_INFOPLIST_FILE = YES;
				IPHONEOS_DEPLOYMENT_TARGET = 18.2;
				MARKETING_VERSION = 1.0;
				PRODUCT_BUNDLE_IDENTIFIER = com.playfullogic.UltimatePortfolioTests;
				PRODUCT_NAME = "$(TARGET_NAME)";
				SDKROOT = iphoneos;
				SWIFT_EMIT_LOC_STRINGS = NO;
				SWIFT_VERSION = 5.0;
				TARGETED_DEVICE_FAMILY = "1,2";
				TEST_HOST = "$(BUILT_PRODUCTS_DIR)/UltimatePortfolio.app/UltimatePortfolio";
			};
			name = Debug;
		};
		522A5DF62D667F2400D72572 /* Release */ = {
			isa = XCBuildConfiguration;
			buildSettings = {
				BUNDLE_LOADER = "$(TEST_HOST)";
				CODE_SIGN_STYLE = Automatic;
				CURRENT_PROJECT_VERSION = 1;
				DEVELOPMENT_TEAM = L97JMB29U2;
				GENERATE_INFOPLIST_FILE = YES;
				IPHONEOS_DEPLOYMENT_TARGET = 18.2;
				MARKETING_VERSION = 1.0;
				PRODUCT_BUNDLE_IDENTIFIER = com.playfullogic.UltimatePortfolioTests;
				PRODUCT_NAME = "$(TARGET_NAME)";
				SDKROOT = iphoneos;
				SWIFT_EMIT_LOC_STRINGS = NO;
				SWIFT_VERSION = 5.0;
				TARGETED_DEVICE_FAMILY = "1,2";
				TEST_HOST = "$(BUILT_PRODUCTS_DIR)/UltimatePortfolio.app/UltimatePortfolio";
				VALIDATE_PRODUCT = YES;
			};
			name = Release;
		};
		52370DA72CE522CA00804D94 /* Debug */ = {
			isa = XCBuildConfiguration;
			buildSettings = {
				ALWAYS_SEARCH_USER_PATHS = NO;
				ASSETCATALOG_COMPILER_GENERATE_SWIFT_ASSET_SYMBOL_EXTENSIONS = YES;
				CLANG_ANALYZER_LOCALIZABILITY_NONLOCALIZED = YES;
				CLANG_ANALYZER_NONNULL = YES;
				CLANG_ANALYZER_NUMBER_OBJECT_CONVERSION = YES_AGGRESSIVE;
				CLANG_CXX_LANGUAGE_STANDARD = "gnu++20";
				CLANG_ENABLE_MODULES = YES;
				CLANG_ENABLE_OBJC_ARC = YES;
				CLANG_ENABLE_OBJC_WEAK = YES;
				CLANG_WARN_BLOCK_CAPTURE_AUTORELEASING = YES;
				CLANG_WARN_BOOL_CONVERSION = YES;
				CLANG_WARN_COMMA = YES;
				CLANG_WARN_CONSTANT_CONVERSION = YES;
				CLANG_WARN_DEPRECATED_OBJC_IMPLEMENTATIONS = YES;
				CLANG_WARN_DIRECT_OBJC_ISA_USAGE = YES_ERROR;
				CLANG_WARN_DOCUMENTATION_COMMENTS = YES;
				CLANG_WARN_EMPTY_BODY = YES;
				CLANG_WARN_ENUM_CONVERSION = YES;
				CLANG_WARN_INFINITE_RECURSION = YES;
				CLANG_WARN_INT_CONVERSION = YES;
				CLANG_WARN_NON_LITERAL_NULL_CONVERSION = YES;
				CLANG_WARN_OBJC_IMPLICIT_RETAIN_SELF = YES;
				CLANG_WARN_OBJC_LITERAL_CONVERSION = YES;
				CLANG_WARN_OBJC_ROOT_CLASS = YES_ERROR;
				CLANG_WARN_QUOTED_INCLUDE_IN_FRAMEWORK_HEADER = YES;
				CLANG_WARN_RANGE_LOOP_ANALYSIS = YES;
				CLANG_WARN_STRICT_PROTOTYPES = YES;
				CLANG_WARN_SUSPICIOUS_MOVE = YES;
				CLANG_WARN_UNGUARDED_AVAILABILITY = YES_AGGRESSIVE;
				CLANG_WARN_UNREACHABLE_CODE = YES;
				CLANG_WARN__DUPLICATE_METHOD_MATCH = YES;
				COPY_PHASE_STRIP = NO;
				DEAD_CODE_STRIPPING = YES;
				DEBUG_INFORMATION_FORMAT = dwarf;
				ENABLE_STRICT_OBJC_MSGSEND = YES;
				ENABLE_TESTABILITY = YES;
				ENABLE_USER_SCRIPT_SANDBOXING = YES;
				GCC_C_LANGUAGE_STANDARD = gnu17;
				GCC_DYNAMIC_NO_PIC = NO;
				GCC_NO_COMMON_BLOCKS = YES;
				GCC_OPTIMIZATION_LEVEL = 0;
				GCC_PREPROCESSOR_DEFINITIONS = (
					"DEBUG=1",
					"$(inherited)",
				);
				GCC_WARN_64_TO_32_BIT_CONVERSION = YES;
				GCC_WARN_ABOUT_RETURN_TYPE = YES_ERROR;
				GCC_WARN_UNDECLARED_SELECTOR = YES;
				GCC_WARN_UNINITIALIZED_AUTOS = YES_AGGRESSIVE;
				GCC_WARN_UNUSED_FUNCTION = YES;
				GCC_WARN_UNUSED_VARIABLE = YES;
				LOCALIZATION_PREFERS_STRING_CATALOGS = YES;
				MTL_ENABLE_DEBUG_INFO = INCLUDE_SOURCE;
				MTL_FAST_MATH = YES;
				ONLY_ACTIVE_ARCH = YES;
				SWIFT_ACTIVE_COMPILATION_CONDITIONS = "DEBUG $(inherited)";
				SWIFT_OPTIMIZATION_LEVEL = "-Onone";
			};
			name = Debug;
		};
		52370DA82CE522CA00804D94 /* Release */ = {
			isa = XCBuildConfiguration;
			buildSettings = {
				ALWAYS_SEARCH_USER_PATHS = NO;
				ASSETCATALOG_COMPILER_GENERATE_SWIFT_ASSET_SYMBOL_EXTENSIONS = YES;
				CLANG_ANALYZER_LOCALIZABILITY_NONLOCALIZED = YES;
				CLANG_ANALYZER_NONNULL = YES;
				CLANG_ANALYZER_NUMBER_OBJECT_CONVERSION = YES_AGGRESSIVE;
				CLANG_CXX_LANGUAGE_STANDARD = "gnu++20";
				CLANG_ENABLE_MODULES = YES;
				CLANG_ENABLE_OBJC_ARC = YES;
				CLANG_ENABLE_OBJC_WEAK = YES;
				CLANG_WARN_BLOCK_CAPTURE_AUTORELEASING = YES;
				CLANG_WARN_BOOL_CONVERSION = YES;
				CLANG_WARN_COMMA = YES;
				CLANG_WARN_CONSTANT_CONVERSION = YES;
				CLANG_WARN_DEPRECATED_OBJC_IMPLEMENTATIONS = YES;
				CLANG_WARN_DIRECT_OBJC_ISA_USAGE = YES_ERROR;
				CLANG_WARN_DOCUMENTATION_COMMENTS = YES;
				CLANG_WARN_EMPTY_BODY = YES;
				CLANG_WARN_ENUM_CONVERSION = YES;
				CLANG_WARN_INFINITE_RECURSION = YES;
				CLANG_WARN_INT_CONVERSION = YES;
				CLANG_WARN_NON_LITERAL_NULL_CONVERSION = YES;
				CLANG_WARN_OBJC_IMPLICIT_RETAIN_SELF = YES;
				CLANG_WARN_OBJC_LITERAL_CONVERSION = YES;
				CLANG_WARN_OBJC_ROOT_CLASS = YES_ERROR;
				CLANG_WARN_QUOTED_INCLUDE_IN_FRAMEWORK_HEADER = YES;
				CLANG_WARN_RANGE_LOOP_ANALYSIS = YES;
				CLANG_WARN_STRICT_PROTOTYPES = YES;
				CLANG_WARN_SUSPICIOUS_MOVE = YES;
				CLANG_WARN_UNGUARDED_AVAILABILITY = YES_AGGRESSIVE;
				CLANG_WARN_UNREACHABLE_CODE = YES;
				CLANG_WARN__DUPLICATE_METHOD_MATCH = YES;
				COPY_PHASE_STRIP = NO;
				DEAD_CODE_STRIPPING = YES;
				DEBUG_INFORMATION_FORMAT = "dwarf-with-dsym";
				ENABLE_NS_ASSERTIONS = NO;
				ENABLE_STRICT_OBJC_MSGSEND = YES;
				ENABLE_USER_SCRIPT_SANDBOXING = YES;
				GCC_C_LANGUAGE_STANDARD = gnu17;
				GCC_NO_COMMON_BLOCKS = YES;
				GCC_WARN_64_TO_32_BIT_CONVERSION = YES;
				GCC_WARN_ABOUT_RETURN_TYPE = YES_ERROR;
				GCC_WARN_UNDECLARED_SELECTOR = YES;
				GCC_WARN_UNINITIALIZED_AUTOS = YES_AGGRESSIVE;
				GCC_WARN_UNUSED_FUNCTION = YES;
				GCC_WARN_UNUSED_VARIABLE = YES;
				LOCALIZATION_PREFERS_STRING_CATALOGS = YES;
				MTL_ENABLE_DEBUG_INFO = NO;
				MTL_FAST_MATH = YES;
				SWIFT_COMPILATION_MODE = wholemodule;
			};
			name = Release;
		};
		52370DAA2CE522CA00804D94 /* Debug */ = {
			isa = XCBuildConfiguration;
			buildSettings = {
				ASSETCATALOG_COMPILER_APPICON_NAME = AppIcon;
				ASSETCATALOG_COMPILER_GENERATE_SWIFT_ASSET_SYMBOL_EXTENSIONS = NO;
				ASSETCATALOG_COMPILER_GLOBAL_ACCENT_COLOR_NAME = AccentColor;
				CODE_SIGN_ENTITLEMENTS = UltimatePortfolio/UltimatePortfolio.entitlements;
				CODE_SIGN_STYLE = Automatic;
				CURRENT_PROJECT_VERSION = 1;
				DEAD_CODE_STRIPPING = YES;
				DEVELOPMENT_ASSET_PATHS = "\"UltimatePortfolio/Preview Content\"";
				DEVELOPMENT_TEAM = L97JMB29U2;
				ENABLE_HARDENED_RUNTIME = YES;
				ENABLE_PREVIEWS = YES;
				GENERATE_INFOPLIST_FILE = YES;
				INFOPLIST_FILE = UltimatePortfolio/Info.plist;
				"INFOPLIST_KEY_UIApplicationSceneManifest_Generation[sdk=iphoneos*]" = YES;
				"INFOPLIST_KEY_UIApplicationSceneManifest_Generation[sdk=iphonesimulator*]" = YES;
				"INFOPLIST_KEY_UIApplicationSupportsIndirectInputEvents[sdk=iphoneos*]" = YES;
				"INFOPLIST_KEY_UIApplicationSupportsIndirectInputEvents[sdk=iphonesimulator*]" = YES;
				"INFOPLIST_KEY_UILaunchScreen_Generation[sdk=iphoneos*]" = YES;
				"INFOPLIST_KEY_UILaunchScreen_Generation[sdk=iphonesimulator*]" = YES;
				"INFOPLIST_KEY_UIStatusBarStyle[sdk=iphoneos*]" = UIStatusBarStyleDefault;
				"INFOPLIST_KEY_UIStatusBarStyle[sdk=iphonesimulator*]" = UIStatusBarStyleDefault;
				INFOPLIST_KEY_UISupportedInterfaceOrientations_iPad = "UIInterfaceOrientationPortrait UIInterfaceOrientationPortraitUpsideDown UIInterfaceOrientationLandscapeLeft UIInterfaceOrientationLandscapeRight";
				INFOPLIST_KEY_UISupportedInterfaceOrientations_iPhone = "UIInterfaceOrientationPortrait UIInterfaceOrientationLandscapeLeft UIInterfaceOrientationLandscapeRight";
				IPHONEOS_DEPLOYMENT_TARGET = 18.1;
				LD_RUNPATH_SEARCH_PATHS = "@executable_path/Frameworks";
				"LD_RUNPATH_SEARCH_PATHS[sdk=macosx*]" = "@executable_path/../Frameworks";
				MACOSX_DEPLOYMENT_TARGET = 15.1;
				MARKETING_VERSION = 1.0;
				PRODUCT_BUNDLE_IDENTIFIER = com.playfullogic.UltimatePortfolio;
				PRODUCT_NAME = "$(TARGET_NAME)";
				SDKROOT = auto;
				SUPPORTED_PLATFORMS = "iphoneos iphonesimulator macosx xros xrsimulator";
				SWIFT_EMIT_LOC_STRINGS = YES;
				SWIFT_VERSION = 5.0;
				TARGETED_DEVICE_FAMILY = "1,2,7";
				XROS_DEPLOYMENT_TARGET = 2.1;
			};
			name = Debug;
		};
		52370DAB2CE522CA00804D94 /* Release */ = {
			isa = XCBuildConfiguration;
			buildSettings = {
				ASSETCATALOG_COMPILER_APPICON_NAME = AppIcon;
				ASSETCATALOG_COMPILER_GENERATE_SWIFT_ASSET_SYMBOL_EXTENSIONS = NO;
				ASSETCATALOG_COMPILER_GLOBAL_ACCENT_COLOR_NAME = AccentColor;
				CODE_SIGN_ENTITLEMENTS = UltimatePortfolio/UltimatePortfolio.entitlements;
				CODE_SIGN_STYLE = Automatic;
				CURRENT_PROJECT_VERSION = 1;
				DEAD_CODE_STRIPPING = YES;
				DEVELOPMENT_ASSET_PATHS = "\"UltimatePortfolio/Preview Content\"";
				DEVELOPMENT_TEAM = L97JMB29U2;
				ENABLE_HARDENED_RUNTIME = YES;
				ENABLE_PREVIEWS = YES;
				GENERATE_INFOPLIST_FILE = YES;
				INFOPLIST_FILE = UltimatePortfolio/Info.plist;
				"INFOPLIST_KEY_UIApplicationSceneManifest_Generation[sdk=iphoneos*]" = YES;
				"INFOPLIST_KEY_UIApplicationSceneManifest_Generation[sdk=iphonesimulator*]" = YES;
				"INFOPLIST_KEY_UIApplicationSupportsIndirectInputEvents[sdk=iphoneos*]" = YES;
				"INFOPLIST_KEY_UIApplicationSupportsIndirectInputEvents[sdk=iphonesimulator*]" = YES;
				"INFOPLIST_KEY_UILaunchScreen_Generation[sdk=iphoneos*]" = YES;
				"INFOPLIST_KEY_UILaunchScreen_Generation[sdk=iphonesimulator*]" = YES;
				"INFOPLIST_KEY_UIStatusBarStyle[sdk=iphoneos*]" = UIStatusBarStyleDefault;
				"INFOPLIST_KEY_UIStatusBarStyle[sdk=iphonesimulator*]" = UIStatusBarStyleDefault;
				INFOPLIST_KEY_UISupportedInterfaceOrientations_iPad = "UIInterfaceOrientationPortrait UIInterfaceOrientationPortraitUpsideDown UIInterfaceOrientationLandscapeLeft UIInterfaceOrientationLandscapeRight";
				INFOPLIST_KEY_UISupportedInterfaceOrientations_iPhone = "UIInterfaceOrientationPortrait UIInterfaceOrientationLandscapeLeft UIInterfaceOrientationLandscapeRight";
				IPHONEOS_DEPLOYMENT_TARGET = 18.1;
				LD_RUNPATH_SEARCH_PATHS = "@executable_path/Frameworks";
				"LD_RUNPATH_SEARCH_PATHS[sdk=macosx*]" = "@executable_path/../Frameworks";
				MACOSX_DEPLOYMENT_TARGET = 15.1;
				MARKETING_VERSION = 1.0;
				PRODUCT_BUNDLE_IDENTIFIER = com.playfullogic.UltimatePortfolio;
				PRODUCT_NAME = "$(TARGET_NAME)";
				SDKROOT = auto;
				SUPPORTED_PLATFORMS = "iphoneos iphonesimulator macosx xros xrsimulator";
				SWIFT_EMIT_LOC_STRINGS = YES;
				SWIFT_VERSION = 5.0;
				TARGETED_DEVICE_FAMILY = "1,2,7";
				XROS_DEPLOYMENT_TARGET = 2.1;
			};
			name = Release;
		};
		528D8DA02D6D22A40084C6D0 /* Debug */ = {
			isa = XCBuildConfiguration;
			buildSettings = {
				ASSETCATALOG_COMPILER_GLOBAL_ACCENT_COLOR_NAME = AccentColor;
				ASSETCATALOG_COMPILER_WIDGET_BACKGROUND_COLOR_NAME = WidgetBackground;
				CODE_SIGN_ENTITLEMENTS = PortfolioWidgetMac/PortfolioWidgetMac.entitlements;
				CODE_SIGN_STYLE = Automatic;
				CURRENT_PROJECT_VERSION = 1;
				DEAD_CODE_STRIPPING = YES;
				DEVELOPMENT_TEAM = L97JMB29U2;
				ENABLE_HARDENED_RUNTIME = YES;
				GENERATE_INFOPLIST_FILE = YES;
				INFOPLIST_FILE = PortfolioWidgetMac/Info.plist;
				INFOPLIST_KEY_CFBundleDisplayName = PortfolioWidgetMac;
				INFOPLIST_KEY_NSHumanReadableCopyright = "";
				LD_RUNPATH_SEARCH_PATHS = (
					"$(inherited)",
					"@executable_path/../Frameworks",
					"@executable_path/../../../../Frameworks",
				);
				MACOSX_DEPLOYMENT_TARGET = 15.2;
				MARKETING_VERSION = 1.0;
				PRODUCT_BUNDLE_IDENTIFIER = com.playfullogic.UltimatePortfolio.PortfolioWidgetMac;
				PRODUCT_NAME = "$(TARGET_NAME)";
				SDKROOT = macosx;
				SKIP_INSTALL = YES;
				SWIFT_EMIT_LOC_STRINGS = YES;
				SWIFT_VERSION = 5.0;
			};
			name = Debug;
		};
		528D8DA12D6D22A40084C6D0 /* Release */ = {
			isa = XCBuildConfiguration;
			buildSettings = {
				ASSETCATALOG_COMPILER_GLOBAL_ACCENT_COLOR_NAME = AccentColor;
				ASSETCATALOG_COMPILER_WIDGET_BACKGROUND_COLOR_NAME = WidgetBackground;
				CODE_SIGN_ENTITLEMENTS = PortfolioWidgetMac/PortfolioWidgetMac.entitlements;
				CODE_SIGN_STYLE = Automatic;
				CURRENT_PROJECT_VERSION = 1;
				DEAD_CODE_STRIPPING = YES;
				DEVELOPMENT_TEAM = L97JMB29U2;
				ENABLE_HARDENED_RUNTIME = YES;
				GENERATE_INFOPLIST_FILE = YES;
				INFOPLIST_FILE = PortfolioWidgetMac/Info.plist;
				INFOPLIST_KEY_CFBundleDisplayName = PortfolioWidgetMac;
				INFOPLIST_KEY_NSHumanReadableCopyright = "";
				LD_RUNPATH_SEARCH_PATHS = (
					"$(inherited)",
					"@executable_path/../Frameworks",
					"@executable_path/../../../../Frameworks",
				);
				MACOSX_DEPLOYMENT_TARGET = 15.2;
				MARKETING_VERSION = 1.0;
				PRODUCT_BUNDLE_IDENTIFIER = com.playfullogic.UltimatePortfolio.PortfolioWidgetMac;
				PRODUCT_NAME = "$(TARGET_NAME)";
				SDKROOT = macosx;
				SKIP_INSTALL = YES;
				SWIFT_EMIT_LOC_STRINGS = YES;
				SWIFT_VERSION = 5.0;
			};
			name = Release;
		};
		528D8DE42D6E33960084C6D0 /* Debug */ = {
			isa = XCBuildConfiguration;
			buildSettings = {
				ASSETCATALOG_COMPILER_APPICON_NAME = AppIcon;
				ASSETCATALOG_COMPILER_GENERATE_SWIFT_ASSET_SYMBOL_EXTENSIONS = NO;
				ASSETCATALOG_COMPILER_GLOBAL_ACCENT_COLOR_NAME = AccentColor;
				CODE_SIGN_ENTITLEMENTS = "UPAWatch Watch App/UPAWatch Watch App.entitlements";
				CODE_SIGN_STYLE = Automatic;
				CURRENT_PROJECT_VERSION = 1;
				DEVELOPMENT_ASSET_PATHS = "\"UPAWatch Watch App/Preview Content\"";
				DEVELOPMENT_TEAM = L97JMB29U2;
				ENABLE_PREVIEWS = YES;
				GENERATE_INFOPLIST_FILE = YES;
				INFOPLIST_KEY_CFBundleDisplayName = UPAWatch;
				INFOPLIST_KEY_UISupportedInterfaceOrientations = "UIInterfaceOrientationPortrait UIInterfaceOrientationPortraitUpsideDown";
				INFOPLIST_KEY_WKCompanionAppBundleIdentifier = com.playfullogic.UltimatePortfolio;
				LD_RUNPATH_SEARCH_PATHS = (
					"$(inherited)",
					"@executable_path/Frameworks",
				);
				MARKETING_VERSION = 1.0;
				PRODUCT_BUNDLE_IDENTIFIER = com.playfullogic.UltimatePortfolio.watchkitapp;
				PRODUCT_NAME = "$(TARGET_NAME)";
				SDKROOT = watchos;
				SKIP_INSTALL = YES;
				SWIFT_EMIT_LOC_STRINGS = YES;
				SWIFT_VERSION = 5.0;
				TARGETED_DEVICE_FAMILY = 4;
				WATCHOS_DEPLOYMENT_TARGET = 11.2;
			};
			name = Debug;
		};
		528D8DE52D6E33960084C6D0 /* Release */ = {
			isa = XCBuildConfiguration;
			buildSettings = {
				ASSETCATALOG_COMPILER_APPICON_NAME = AppIcon;
				ASSETCATALOG_COMPILER_GENERATE_SWIFT_ASSET_SYMBOL_EXTENSIONS = NO;
				ASSETCATALOG_COMPILER_GLOBAL_ACCENT_COLOR_NAME = AccentColor;
				CODE_SIGN_ENTITLEMENTS = "UPAWatch Watch App/UPAWatch Watch App.entitlements";
				CODE_SIGN_STYLE = Automatic;
				CURRENT_PROJECT_VERSION = 1;
				DEVELOPMENT_ASSET_PATHS = "\"UPAWatch Watch App/Preview Content\"";
				DEVELOPMENT_TEAM = L97JMB29U2;
				ENABLE_PREVIEWS = YES;
				GENERATE_INFOPLIST_FILE = YES;
				INFOPLIST_KEY_CFBundleDisplayName = UPAWatch;
				INFOPLIST_KEY_UISupportedInterfaceOrientations = "UIInterfaceOrientationPortrait UIInterfaceOrientationPortraitUpsideDown";
				INFOPLIST_KEY_WKCompanionAppBundleIdentifier = com.playfullogic.UltimatePortfolio;
				LD_RUNPATH_SEARCH_PATHS = (
					"$(inherited)",
					"@executable_path/Frameworks",
				);
				MARKETING_VERSION = 1.0;
				PRODUCT_BUNDLE_IDENTIFIER = com.playfullogic.UltimatePortfolio.watchkitapp;
				PRODUCT_NAME = "$(TARGET_NAME)";
				SDKROOT = watchos;
				SKIP_INSTALL = YES;
				SWIFT_EMIT_LOC_STRINGS = YES;
				SWIFT_VERSION = 5.0;
				TARGETED_DEVICE_FAMILY = 4;
				VALIDATE_PRODUCT = YES;
				WATCHOS_DEPLOYMENT_TARGET = 11.2;
			};
			name = Release;
		};
		528D8DE82D6E33960084C6D0 /* Debug */ = {
			isa = XCBuildConfiguration;
			buildSettings = {
				BUNDLE_LOADER = "$(TEST_HOST)";
				CODE_SIGN_STYLE = Automatic;
				CURRENT_PROJECT_VERSION = 1;
				DEVELOPMENT_TEAM = L97JMB29U2;
				GENERATE_INFOPLIST_FILE = YES;
				MARKETING_VERSION = 1.0;
				PRODUCT_BUNDLE_IDENTIFIER = "com.playfullogic.UltimatePortfolio.UPAWatch-Watch-AppTests";
				PRODUCT_NAME = "$(TARGET_NAME)";
				SDKROOT = watchos;
				SWIFT_EMIT_LOC_STRINGS = NO;
				SWIFT_VERSION = 5.0;
				TARGETED_DEVICE_FAMILY = 4;
				TEST_HOST = "$(BUILT_PRODUCTS_DIR)/UPAWatch Watch App.app/$(BUNDLE_EXECUTABLE_FOLDER_PATH)/UPAWatch Watch App";
				WATCHOS_DEPLOYMENT_TARGET = 11.2;
			};
			name = Debug;
		};
		528D8DE92D6E33960084C6D0 /* Release */ = {
			isa = XCBuildConfiguration;
			buildSettings = {
				BUNDLE_LOADER = "$(TEST_HOST)";
				CODE_SIGN_STYLE = Automatic;
				CURRENT_PROJECT_VERSION = 1;
				DEVELOPMENT_TEAM = L97JMB29U2;
				GENERATE_INFOPLIST_FILE = YES;
				MARKETING_VERSION = 1.0;
				PRODUCT_BUNDLE_IDENTIFIER = "com.playfullogic.UltimatePortfolio.UPAWatch-Watch-AppTests";
				PRODUCT_NAME = "$(TARGET_NAME)";
				SDKROOT = watchos;
				SWIFT_EMIT_LOC_STRINGS = NO;
				SWIFT_VERSION = 5.0;
				TARGETED_DEVICE_FAMILY = 4;
				TEST_HOST = "$(BUILT_PRODUCTS_DIR)/UPAWatch Watch App.app/$(BUNDLE_EXECUTABLE_FOLDER_PATH)/UPAWatch Watch App";
				VALIDATE_PRODUCT = YES;
				WATCHOS_DEPLOYMENT_TARGET = 11.2;
			};
			name = Release;
		};
		528D8DEB2D6E33960084C6D0 /* Debug */ = {
			isa = XCBuildConfiguration;
			buildSettings = {
				CODE_SIGN_STYLE = Automatic;
				CURRENT_PROJECT_VERSION = 1;
				DEVELOPMENT_TEAM = L97JMB29U2;
				GENERATE_INFOPLIST_FILE = YES;
				MARKETING_VERSION = 1.0;
				PRODUCT_BUNDLE_IDENTIFIER = "com.playfullogic.UltimatePortfolio.UPAWatch-Watch-AppUITests";
				PRODUCT_NAME = "$(TARGET_NAME)";
				SDKROOT = watchos;
				SWIFT_EMIT_LOC_STRINGS = NO;
				SWIFT_VERSION = 5.0;
				TARGETED_DEVICE_FAMILY = 4;
				TEST_TARGET_NAME = "UPAWatch Watch App";
				WATCHOS_DEPLOYMENT_TARGET = 11.2;
			};
			name = Debug;
		};
		528D8DEC2D6E33960084C6D0 /* Release */ = {
			isa = XCBuildConfiguration;
			buildSettings = {
				CODE_SIGN_STYLE = Automatic;
				CURRENT_PROJECT_VERSION = 1;
				DEVELOPMENT_TEAM = L97JMB29U2;
				GENERATE_INFOPLIST_FILE = YES;
				MARKETING_VERSION = 1.0;
				PRODUCT_BUNDLE_IDENTIFIER = "com.playfullogic.UltimatePortfolio.UPAWatch-Watch-AppUITests";
				PRODUCT_NAME = "$(TARGET_NAME)";
				SDKROOT = watchos;
				SWIFT_EMIT_LOC_STRINGS = NO;
				SWIFT_VERSION = 5.0;
				TARGETED_DEVICE_FAMILY = 4;
				TEST_TARGET_NAME = "UPAWatch Watch App";
				VALIDATE_PRODUCT = YES;
				WATCHOS_DEPLOYMENT_TARGET = 11.2;
			};
			name = Release;
		};
		52B88B5F2D6CD40F008ACECB /* Debug */ = {
			isa = XCBuildConfiguration;
			buildSettings = {
				ASSETCATALOG_COMPILER_GLOBAL_ACCENT_COLOR_NAME = AccentColor;
				ASSETCATALOG_COMPILER_WIDGET_BACKGROUND_COLOR_NAME = WidgetBackground;
				CODE_SIGN_ENTITLEMENTS = PortfolioWidgetExtension.entitlements;
				CODE_SIGN_STYLE = Automatic;
				CURRENT_PROJECT_VERSION = 1;
				DEVELOPMENT_TEAM = L97JMB29U2;
				GENERATE_INFOPLIST_FILE = YES;
				INFOPLIST_FILE = PortfolioWidget/Info.plist;
				INFOPLIST_KEY_CFBundleDisplayName = PortfolioWidget;
				INFOPLIST_KEY_NSHumanReadableCopyright = "";
				IPHONEOS_DEPLOYMENT_TARGET = 18.2;
				LD_RUNPATH_SEARCH_PATHS = (
					"$(inherited)",
					"@executable_path/Frameworks",
					"@executable_path/../../Frameworks",
				);
				MARKETING_VERSION = 1.0;
				PRODUCT_BUNDLE_IDENTIFIER = com.playfullogic.UltimatePortfolio.PortfolioWidget;
				PRODUCT_NAME = "$(TARGET_NAME)";
				SDKROOT = iphoneos;
				SKIP_INSTALL = YES;
				SWIFT_EMIT_LOC_STRINGS = YES;
				SWIFT_VERSION = 5.0;
				TARGETED_DEVICE_FAMILY = "1,2";
			};
			name = Debug;
		};
		52B88B602D6CD40F008ACECB /* Release */ = {
			isa = XCBuildConfiguration;
			buildSettings = {
				ASSETCATALOG_COMPILER_GLOBAL_ACCENT_COLOR_NAME = AccentColor;
				ASSETCATALOG_COMPILER_WIDGET_BACKGROUND_COLOR_NAME = WidgetBackground;
				CODE_SIGN_ENTITLEMENTS = PortfolioWidgetExtension.entitlements;
				CODE_SIGN_STYLE = Automatic;
				CURRENT_PROJECT_VERSION = 1;
				DEVELOPMENT_TEAM = L97JMB29U2;
				GENERATE_INFOPLIST_FILE = YES;
				INFOPLIST_FILE = PortfolioWidget/Info.plist;
				INFOPLIST_KEY_CFBundleDisplayName = PortfolioWidget;
				INFOPLIST_KEY_NSHumanReadableCopyright = "";
				IPHONEOS_DEPLOYMENT_TARGET = 18.2;
				LD_RUNPATH_SEARCH_PATHS = (
					"$(inherited)",
					"@executable_path/Frameworks",
					"@executable_path/../../Frameworks",
				);
				MARKETING_VERSION = 1.0;
				PRODUCT_BUNDLE_IDENTIFIER = com.playfullogic.UltimatePortfolio.PortfolioWidget;
				PRODUCT_NAME = "$(TARGET_NAME)";
				SDKROOT = iphoneos;
				SKIP_INSTALL = YES;
				SWIFT_EMIT_LOC_STRINGS = YES;
				SWIFT_VERSION = 5.0;
				TARGETED_DEVICE_FAMILY = "1,2";
				VALIDATE_PRODUCT = YES;
			};
			name = Release;
		};
		52D42D7C2D67871C009A6098 /* Debug */ = {
			isa = XCBuildConfiguration;
			buildSettings = {
				CODE_SIGN_STYLE = Automatic;
				CURRENT_PROJECT_VERSION = 1;
				DEVELOPMENT_TEAM = L97JMB29U2;
				GENERATE_INFOPLIST_FILE = YES;
				IPHONEOS_DEPLOYMENT_TARGET = 18.2;
				MARKETING_VERSION = 1.0;
				PRODUCT_BUNDLE_IDENTIFIER = com.playfullogic.UltimatePortfolioUITests;
				PRODUCT_NAME = "$(TARGET_NAME)";
				SDKROOT = iphoneos;
				SWIFT_EMIT_LOC_STRINGS = NO;
				SWIFT_VERSION = 5.0;
				TARGETED_DEVICE_FAMILY = "1,2";
				TEST_TARGET_NAME = UltimatePortfolio;
			};
			name = Debug;
		};
		52D42D7D2D67871C009A6098 /* Release */ = {
			isa = XCBuildConfiguration;
			buildSettings = {
				CODE_SIGN_STYLE = Automatic;
				CURRENT_PROJECT_VERSION = 1;
				DEVELOPMENT_TEAM = L97JMB29U2;
				GENERATE_INFOPLIST_FILE = YES;
				IPHONEOS_DEPLOYMENT_TARGET = 18.2;
				MARKETING_VERSION = 1.0;
				PRODUCT_BUNDLE_IDENTIFIER = com.playfullogic.UltimatePortfolioUITests;
				PRODUCT_NAME = "$(TARGET_NAME)";
				SDKROOT = iphoneos;
				SWIFT_EMIT_LOC_STRINGS = NO;
				SWIFT_VERSION = 5.0;
				TARGETED_DEVICE_FAMILY = "1,2";
				TEST_TARGET_NAME = UltimatePortfolio;
				VALIDATE_PRODUCT = YES;
			};
			name = Release;
		};
/* End XCBuildConfiguration section */

/* Begin XCConfigurationList section */
		522A5DF72D667F2400D72572 /* Build configuration list for PBXNativeTarget "UltimatePortfolioTests" */ = {
			isa = XCConfigurationList;
			buildConfigurations = (
				522A5DF52D667F2400D72572 /* Debug */,
				522A5DF62D667F2400D72572 /* Release */,
			);
			defaultConfigurationIsVisible = 0;
			defaultConfigurationName = Release;
		};
		52370D952CE522C800804D94 /* Build configuration list for PBXProject "UltimatePortfolio" */ = {
			isa = XCConfigurationList;
			buildConfigurations = (
				52370DA72CE522CA00804D94 /* Debug */,
				52370DA82CE522CA00804D94 /* Release */,
			);
			defaultConfigurationIsVisible = 0;
			defaultConfigurationName = Release;
		};
		52370DA92CE522CA00804D94 /* Build configuration list for PBXNativeTarget "UltimatePortfolio" */ = {
			isa = XCConfigurationList;
			buildConfigurations = (
				52370DAA2CE522CA00804D94 /* Debug */,
				52370DAB2CE522CA00804D94 /* Release */,
			);
			defaultConfigurationIsVisible = 0;
			defaultConfigurationName = Release;
		};
		528D8DA22D6D22A40084C6D0 /* Build configuration list for PBXNativeTarget "PortfolioWidgetMacExtension" */ = {
			isa = XCConfigurationList;
			buildConfigurations = (
				528D8DA02D6D22A40084C6D0 /* Debug */,
				528D8DA12D6D22A40084C6D0 /* Release */,
			);
			defaultConfigurationIsVisible = 0;
			defaultConfigurationName = Release;
		};
		528D8DE32D6E33960084C6D0 /* Build configuration list for PBXNativeTarget "UPAWatch Watch App" */ = {
			isa = XCConfigurationList;
			buildConfigurations = (
				528D8DE42D6E33960084C6D0 /* Debug */,
				528D8DE52D6E33960084C6D0 /* Release */,
			);
			defaultConfigurationIsVisible = 0;
			defaultConfigurationName = Release;
		};
		528D8DE72D6E33960084C6D0 /* Build configuration list for PBXNativeTarget "UPAWatch Watch AppTests" */ = {
			isa = XCConfigurationList;
			buildConfigurations = (
				528D8DE82D6E33960084C6D0 /* Debug */,
				528D8DE92D6E33960084C6D0 /* Release */,
			);
			defaultConfigurationIsVisible = 0;
			defaultConfigurationName = Release;
		};
		528D8DEA2D6E33960084C6D0 /* Build configuration list for PBXNativeTarget "UPAWatch Watch AppUITests" */ = {
			isa = XCConfigurationList;
			buildConfigurations = (
				528D8DEB2D6E33960084C6D0 /* Debug */,
				528D8DEC2D6E33960084C6D0 /* Release */,
			);
			defaultConfigurationIsVisible = 0;
			defaultConfigurationName = Release;
		};
		52B88B5E2D6CD40F008ACECB /* Build configuration list for PBXNativeTarget "PortfolioWidgetExtension" */ = {
			isa = XCConfigurationList;
			buildConfigurations = (
				52B88B5F2D6CD40F008ACECB /* Debug */,
				52B88B602D6CD40F008ACECB /* Release */,
			);
			defaultConfigurationIsVisible = 0;
			defaultConfigurationName = Release;
		};
		52D42D7B2D67871C009A6098 /* Build configuration list for PBXNativeTarget "UltimatePortfolioUITests" */ = {
			isa = XCConfigurationList;
			buildConfigurations = (
				52D42D7C2D67871C009A6098 /* Debug */,
				52D42D7D2D67871C009A6098 /* Release */,
			);
			defaultConfigurationIsVisible = 0;
			defaultConfigurationName = Release;
		};
/* End XCConfigurationList section */
	};
	rootObject = 52370D922CE522C800804D94 /* Project object */;
}
